
Microsoft Visual Studio Solution File, Format Version 12.00
# Visual Studio Version 16
VisualStudioVersion = 16.0.29411.108
MinimumVisualStudioVersion = 10.0.40219.1
Project("{FAE04EC0-301F-11D3-BF4B-00C04F79EFBC}") = "P03_SalesDatabase", "P03_SalesDatabase\P03_SalesDatabase.csproj", "{C0D83DFC-344B-4C31-8A95-FFF54324A710}"
EndProject
Global
	GlobalSection(SolutionConfigurationPlatforms) = preSolution
		Debug|Any CPU = Debug|Any CPU
		Release|Any CPU = Release|Any CPU
	EndGlobalSection
	GlobalSection(ProjectConfigurationPlatforms) = postSolution
		{C0D83DFC-344B-4C31-8A95-FFF54324A710}.Debug|Any CPU.ActiveCfg = Debug|Any CPU
		{C0D83DFC-344B-4C31-8A95-FFF54324A710}.Debug|Any CPU.Build.0 = Debug|Any CPU
		{C0D83DFC-344B-4C31-8A95-FFF54324A710}.Release|Any CPU.ActiveCfg = Release|Any CPU
		{C0D83DFC-344B-4C31-8A95-FFF54324A710}.Release|Any CPU.Build.0 = Release|Any CPU
	EndGlobalSection
	GlobalSection(SolutionProperties) = preSolution
		HideSolutionNode = FALSE
	EndGlobalSection
	GlobalSection(ExtensibilityGlobals) = postSolution
		SolutionGuid = {04897488-095E-4EE9-AD80-C61B8A402FC1}
	EndGlobalSection
EndGlobal
