
Microsoft Visual Studio Solution File, Format Version 12.00
# Visual Studio Version 16
VisualStudioVersion = 16.0.29411.108
MinimumVisualStudioVersion = 10.0.40219.1
Project("{FAE04EC0-301F-11D3-BF4B-00C04F79EFBC}") = "SoftUni", "SoftUni\SoftUni.csproj", "{BDE26A29-7A8C-482B-BE59-2E10768DFA51}"
EndProject
Global
	GlobalSection(SolutionConfigurationPlatforms) = preSolution
		Debug|Any CPU = Debug|Any CPU
		Release|Any CPU = Release|Any CPU
	EndGlobalSection
	GlobalSection(ProjectConfigurationPlatforms) = postSolution
		{BDE26A29-7A8C-482B-BE59-2E10768DFA51}.Debug|Any CPU.ActiveCfg = Debug|Any CPU
		{BDE26A29-7A8C-482B-BE59-2E10768DFA51}.Debug|Any CPU.Build.0 = Debug|Any CPU
		{BDE26A29-7A8C-482B-BE59-2E10768DFA51}.Release|Any CPU.ActiveCfg = Release|Any CPU
		{BDE26A29-7A8C-482B-BE59-2E10768DFA51}.Release|Any CPU.Build.0 = Release|Any CPU
	EndGlobalSection
	GlobalSection(SolutionProperties) = preSolution
		HideSolutionNode = FALSE
	EndGlobalSection
	GlobalSection(ExtensibilityGlobals) = postSolution
		SolutionGuid = {77ADDCF6-DBA4-4D89-9168-DFD6292AF256}
	EndGlobalSection
EndGlobal
